
Microsoft Visual Studio Solution File, Format Version 12.00
# Visual Studio Version 16
VisualStudioVersion = 25.0.1700.0
MinimumVisualStudioVersion = 10.0.40219.1
Project("{FAE04EC0-301F-11D3-BF4B-00C04F79EFBC}") = "BookStoreApi", "BookStoreApi\BookStoreApi.csproj", "{43270714-A110-487F-9B42-13207E4FD578}"
EndProject
Global
	GlobalSection(SolutionConfigurationPlatforms) = preSolution
		Debug|Any CPU = Debug|Any CPU
		Release|Any CPU = Release|Any CPU
	EndGlobalSection
	GlobalSection(ProjectConfigurationPlatforms) = postSolution
		{43270714-A110-487F-9B42-13207E4FD578}.Debug|Any CPU.ActiveCfg = Debug|Any CPU
		{43270714-A110-487F-9B42-13207E4FD578}.Debug|Any CPU.Build.0 = Debug|Any CPU
		{43270714-A110-487F-9B42-13207E4FD578}.Release|Any CPU.ActiveCfg = Release|Any CPU
		{43270714-A110-487F-9B42-13207E4FD578}.Release|Any CPU.Build.0 = Release|Any CPU
	EndGlobalSection
	GlobalSection(SolutionProperties) = preSolution
		HideSolutionNode = FALSE
	EndGlobalSection
	GlobalSection(ExtensibilityGlobals) = postSolution
		SolutionGuid = {2E1D918A-99C7-4F91-9B01-D6893D971FDF}
	EndGlobalSection
EndGlobal
